{
  "nodes": {
    "nixpkgs": {
      "locked": {
        "lastModified": 1760178944,
        "narHash": "sha256-oTGvIFV0F2h6YJJd4UH418mx0vScr6Km9nFJ15PosKs=",
        "owner": "NixOS",
        "repo": "nixpkgs",
        "rev": "3d8b151594ee9261d569248a7701540a76385366",
        "type": "github"
      },
      "original": {
        "owner": "NixOS",
        "repo": "nixpkgs",
        "type": "github"
      }
    },
    "root": {
      "inputs": {
        "nixpkgs": "nixpkgs"
      }
    }
  },
  "root": "root",
  "version": 7
}
