{
  "nodes": {
    "nixpkgs": {
      "locked": {
        "lastModified": 1775067933,
        "narHash": "sha256-WL4oEtj7gZNXzmJ7KlyKyBBhrht/7xL1p0qTuYPwwwY=",
        "owner": "NixOS",
        "repo": "nixpkgs",
        "rev": "7222edbdbe7b674f2526534481cca2b3b3cf248f",
        "type": "github"
      },
      "original": {
        "owner": "NixOS",
        "repo": "nixpkgs",
        "type": "github"
      }
    },
    "root": {
      "inputs": {
        "nixpkgs": "nixpkgs"
      }
    }
  },
  "root": "root",
  "version": 7
}
