{
  "nodes": {
    "nixpkgs": {
      "locked": {
        "lastModified": 1786016772,
        "narHash": "sha256-QzAXkDvZwRAoaAtEhT3FI7GhgqZxcZnokw6y6moVxGM=",
        "owner": "NixOS",
        "repo": "nixpkgs",
        "rev": "6c50a07b38659025ed6818fb0c8436d505945d2d",
        "type": "github"
      },
      "original": {
        "owner": "NixOS",
        "repo": "nixpkgs",
        "type": "github"
      }
    },
    "root": {
      "inputs": {
        "nixpkgs": "nixpkgs"
      }
    }
  },
  "root": "root",
  "version": 7
}
